
Microsoft Visual Studio Solution File, Format Version 12.00
# Visual Studio Version 16
VisualStudioVersion = 16.0.29905.134
MinimumVisualStudioVersion = 10.0.40219.1
Project("{FAE04EC0-301F-11D3-BF4B-00C04F79EFBC}") = "УГАДАЙ", "УГАДАЙ\УГАДАЙ.csproj", "{29997E85-0FBD-4260-91F4-39C2AF2ACB7A}"
EndProject
Global
	GlobalSection(SolutionConfigurationPlatforms) = preSolution
		Debug|Any CPU = Debug|Any CPU
		Release|Any CPU = Release|Any CPU
	EndGlobalSection
	GlobalSection(ProjectConfigurationPlatforms) = postSolution
		{29997E85-0FBD-4260-91F4-39C2AF2ACB7A}.Debug|Any CPU.ActiveCfg = Debug|Any CPU
		{29997E85-0FBD-4260-91F4-39C2AF2ACB7A}.Debug|Any CPU.Build.0 = Debug|Any CPU
		{29997E85-0FBD-4260-91F4-39C2AF2ACB7A}.Release|Any CPU.ActiveCfg = Release|Any CPU
		{29997E85-0FBD-4260-91F4-39C2AF2ACB7A}.Release|Any CPU.Build.0 = Release|Any CPU
	EndGlobalSection
	GlobalSection(SolutionProperties) = preSolution
		HideSolutionNode = FALSE
	EndGlobalSection
	GlobalSection(ExtensibilityGlobals) = postSolution
		SolutionGuid = {49E30619-38C1-49AB-883B-FB326510714D}
	EndGlobalSection
EndGlobal
