
Microsoft Visual Studio Solution File, Format Version 12.00
# Visual Studio Version 16
VisualStudioVersion = 16.0.30104.148
MinimumVisualStudioVersion = 10.0.40219.1
Project("{FAE04EC0-301F-11D3-BF4B-00C04F79EFBC}") = "ПЕРЕВОД", "ПЕРЕВОД\ПЕРЕВОД.csproj", "{2BB89B24-D28B-4374-97C4-2ABBAA05D932}"
EndProject
Global
	GlobalSection(SolutionConfigurationPlatforms) = preSolution
		Debug|Any CPU = Debug|Any CPU
		Release|Any CPU = Release|Any CPU
	EndGlobalSection
	GlobalSection(ProjectConfigurationPlatforms) = postSolution
		{2BB89B24-D28B-4374-97C4-2ABBAA05D932}.Debug|Any CPU.ActiveCfg = Debug|Any CPU
		{2BB89B24-D28B-4374-97C4-2ABBAA05D932}.Debug|Any CPU.Build.0 = Debug|Any CPU
		{2BB89B24-D28B-4374-97C4-2ABBAA05D932}.Release|Any CPU.ActiveCfg = Release|Any CPU
		{2BB89B24-D28B-4374-97C4-2ABBAA05D932}.Release|Any CPU.Build.0 = Release|Any CPU
	EndGlobalSection
	GlobalSection(SolutionProperties) = preSolution
		HideSolutionNode = FALSE
	EndGlobalSection
	GlobalSection(ExtensibilityGlobals) = postSolution
		SolutionGuid = {FFDB8907-A985-4039-8612-37A347F5D922}
	EndGlobalSection
EndGlobal
